
Microsoft Visual Studio Solution File, Format Version 12.00
# Visual Studio 15
VisualStudioVersion = 15.0.27004.2005
MinimumVisualStudioVersion = 10.0.40219.1
Project("{FAE04EC0-301F-11D3-BF4B-00C04F79EFBC}") = "MakeMyDayServer", "MakeMyDayServer\MakeMyDayServer.csproj", "{F838C5CB-677B-4FB5-A6FA-522C6A1841BB}"
EndProject
Global
	GlobalSection(SolutionConfigurationPlatforms) = preSolution
		Debug|Any CPU = Debug|Any CPU
		Release|Any CPU = Release|Any CPU
	EndGlobalSection
	GlobalSection(ProjectConfigurationPlatforms) = postSolution
		{F838C5CB-677B-4FB5-A6FA-522C6A1841BB}.Debug|Any CPU.ActiveCfg = Debug|Any CPU
		{F838C5CB-677B-4FB5-A6FA-522C6A1841BB}.Debug|Any CPU.Build.0 = Debug|Any CPU
		{F838C5CB-677B-4FB5-A6FA-522C6A1841BB}.Release|Any CPU.ActiveCfg = Release|Any CPU
		{F838C5CB-677B-4FB5-A6FA-522C6A1841BB}.Release|Any CPU.Build.0 = Release|Any CPU
	EndGlobalSection
	GlobalSection(SolutionProperties) = preSolution
		HideSolutionNode = FALSE
	EndGlobalSection
	GlobalSection(ExtensibilityGlobals) = postSolution
		SolutionGuid = {89302553-F9DC-4651-A448-119C3529695D}
	EndGlobalSection
EndGlobal
